
Microsoft Visual Studio Solution File, Format Version 12.00
# Visual Studio Version 17
VisualStudioVersion = 17.8.34330.188
MinimumVisualStudioVersion = 10.0.40219.1
Project("{FAE04EC0-301F-11D3-BF4B-00C04F79EFBC}") = "DevPartnersRainfall", "DevPartnersRainfall.csproj", "{DAEE7D88-5D15-43B0-B8E0-D231D183A9F0}"
EndProject
Global
	GlobalSection(SolutionConfigurationPlatforms) = preSolution
		Debug|Any CPU = Debug|Any CPU
		Release|Any CPU = Release|Any CPU
	EndGlobalSection
	GlobalSection(ProjectConfigurationPlatforms) = postSolution
		{DAEE7D88-5D15-43B0-B8E0-D231D183A9F0}.Debug|Any CPU.ActiveCfg = Debug|Any CPU
		{DAEE7D88-5D15-43B0-B8E0-D231D183A9F0}.Debug|Any CPU.Build.0 = Debug|Any CPU
		{DAEE7D88-5D15-43B0-B8E0-D231D183A9F0}.Release|Any CPU.ActiveCfg = Release|Any CPU
		{DAEE7D88-5D15-43B0-B8E0-D231D183A9F0}.Release|Any CPU.Build.0 = Release|Any CPU
	EndGlobalSection
	GlobalSection(SolutionProperties) = preSolution
		HideSolutionNode = FALSE
	EndGlobalSection
	GlobalSection(ExtensibilityGlobals) = postSolution
		SolutionGuid = {F6C31358-FCA6-4B05-94BF-32D778178356}
	EndGlobalSection
EndGlobal
